
Microsoft Visual Studio Solution File, Format Version 12.00
# Visual Studio Version 16
VisualStudioVersion = 16.0.30413.136
MinimumVisualStudioVersion = 10.0.40219.1
Project("{888888A0-9F3D-457C-B088-3A5042F75D52}") = "EUROPAWORKING", "EUROPAWORKING.pyproj", "{B8A93A83-E4A4-4393-AF3F-AA0F2A515C72}"
EndProject
Global
	GlobalSection(SolutionConfigurationPlatforms) = preSolution
		Debug|Any CPU = Debug|Any CPU
		Release|Any CPU = Release|Any CPU
	EndGlobalSection
	GlobalSection(ProjectConfigurationPlatforms) = postSolution
		{B8A93A83-E4A4-4393-AF3F-AA0F2A515C72}.Debug|Any CPU.ActiveCfg = Debug|Any CPU
		{B8A93A83-E4A4-4393-AF3F-AA0F2A515C72}.Release|Any CPU.ActiveCfg = Release|Any CPU
	EndGlobalSection
	GlobalSection(SolutionProperties) = preSolution
		HideSolutionNode = FALSE
	EndGlobalSection
	GlobalSection(ExtensibilityGlobals) = postSolution
		SolutionGuid = {7AD05284-4AC1-4AC7-8405-037CF138725B}
	EndGlobalSection
EndGlobal
